# This file was autogenerated by uv via the following command:
#    uv pip compile pyproject.toml --all-extras --python-version 3.11 --python-platform windows --output-file requirements.lock
absl-py==2.5.0
    # via
    #   mujoco
    #   tensorboard
altair==6.2.2
    # via streamlit
annotated-doc==0.0.4
    # via fastapi
annotated-types==0.7.0
    # via pydantic
anyio==4.14.2
    # via
    #   httpx2
    #   starlette
    #   streamlit
    #   watchfiles
attrs==26.1.0
    # via
    #   jsonschema
    #   referencing
blinker==1.9.0
    # via streamlit
cachetools==7.1.4
    # via streamlit
certifi==2026.6.17
    # via requests
charset-normalizer==3.4.9
    # via requests
click==8.4.2
    # via
    #   streamlit
    #   uvicorn
cloudpickle==3.1.2
    # via
    #   gymnasium
    #   stable-baselines3
colorama==0.4.6
    # via
    #   click
    #   pytest
contourpy==1.3.3
    # via matplotlib
coverage==7.15.1
    # via
    #   upkie-mujoco-course (pyproject.toml)
    #   pytest-cov
cycler==0.12.1
    # via matplotlib
etils==1.14.0
    # via mujoco
farama-notifications==0.0.6
    # via gymnasium
fastapi==0.139.2
    # via upkie-mujoco-course (pyproject.toml)
filelock==3.30.2
    # via torch
fonttools==4.63.0
    # via matplotlib
fsspec==2026.6.0
    # via
    #   etils
    #   torch
gitdb==4.0.12
    # via gitpython
gitpython==3.1.52
    # via streamlit
glfw==2.10.1
    # via mujoco
grpcio==1.82.1
    # via tensorboard
gymnasium==1.3.0
    # via
    #   upkie-mujoco-course (pyproject.toml)
    #   stable-baselines3
h11==0.16.0
    # via
    #   httpcore2
    #   uvicorn
httpcore2==2.7.0
    # via httpx2
httptools==0.8.0
    # via
    #   streamlit
    #   uvicorn
httpx2==2.7.0
    # via upkie-mujoco-course (pyproject.toml)
idna==3.18
    # via
    #   anyio
    #   httpx2
    #   requests
imageio==2.37.3
    # via upkie-mujoco-course (pyproject.toml)
imageio-ffmpeg==0.6.0
    # via upkie-mujoco-course (pyproject.toml)
iniconfig==2.3.0
    # via pytest
itsdangerous==2.2.0
    # via streamlit
jinja2==3.1.6
    # via
    #   altair
    #   pydeck
    #   torch
jsonschema==4.26.0
    # via altair
jsonschema-specifications==2025.9.1
    # via jsonschema
kiwisolver==1.5.0
    # via matplotlib
markdown==3.10.2
    # via tensorboard
markupsafe==3.0.3
    # via
    #   jinja2
    #   werkzeug
matplotlib==3.11.0
    # via upkie-mujoco-course (pyproject.toml)
mpmath==1.3.0
    # via sympy
mujoco==3.8.0
    # via upkie-mujoco-course (pyproject.toml)
narwhals==2.24.0
    # via
    #   altair
    #   plotly
networkx==3.6.1
    # via torch
numpy==2.4.4
    # via
    #   upkie-mujoco-course (pyproject.toml)
    #   contourpy
    #   gymnasium
    #   imageio
    #   matplotlib
    #   mujoco
    #   pandas
    #   pydeck
    #   scipy
    #   stable-baselines3
    #   streamlit
    #   tensorboard
packaging==26.2
    # via
    #   altair
    #   matplotlib
    #   plotly
    #   pytest
    #   streamlit
    #   tensorboard
pandas==3.0.3
    # via streamlit
pillow==12.3.0
    # via
    #   imageio
    #   matplotlib
    #   streamlit
    #   tensorboard
plotly==6.9.0
    # via upkie-mujoco-course (pyproject.toml)
pluggy==1.6.0
    # via
    #   pytest
    #   pytest-cov
protobuf==7.35.1
    # via
    #   streamlit
    #   tensorboard
pyarrow==24.0.0
    # via streamlit
pydantic==2.13.4
    # via fastapi
pydantic-core==2.46.4
    # via pydantic
pydeck==0.9.3
    # via streamlit
pygments==2.20.0
    # via pytest
pyopengl==3.1.10
    # via mujoco
pyparsing==3.3.2
    # via matplotlib
pytest==9.1.1
    # via
    #   upkie-mujoco-course (pyproject.toml)
    #   pytest-asyncio
    #   pytest-cov
pytest-asyncio==1.4.0
    # via upkie-mujoco-course (pyproject.toml)
pytest-cov==7.1.0
    # via upkie-mujoco-course (pyproject.toml)
python-dateutil==2.9.0.post0
    # via
    #   matplotlib
    #   pandas
python-dotenv==1.2.2
    # via uvicorn
python-multipart==0.0.32
    # via streamlit
pyyaml==6.0.3
    # via uvicorn
referencing==0.37.0
    # via
    #   jsonschema
    #   jsonschema-specifications
requests==2.34.2
    # via streamlit
rpds-py==2026.6.3
    # via
    #   jsonschema
    #   referencing
ruff==0.16.0
    # via upkie-mujoco-course (pyproject.toml)
scipy==1.17.1
    # via upkie-mujoco-course (pyproject.toml)
setuptools==83.0.0
    # via
    #   tensorboard
    #   torch
six==1.17.0
    # via python-dateutil
smmap==5.0.3
    # via gitdb
stable-baselines3==2.9.0
    # via upkie-mujoco-course (pyproject.toml)
starlette==1.3.1
    # via
    #   fastapi
    #   streamlit
streamlit==1.59.2
    # via upkie-mujoco-course (pyproject.toml)
sympy==1.14.0
    # via torch
tenacity==9.1.4
    # via streamlit
tensorboard==2.21.0
    # via upkie-mujoco-course (pyproject.toml)
tensorboard-data-server==0.7.2
    # via tensorboard
toml==0.10.2
    # via streamlit
tomli==2.4.1
    # via coverage
torch==2.13.0
    # via
    #   upkie-mujoco-course (pyproject.toml)
    #   stable-baselines3
truststore==0.10.4
    # via
    #   httpcore2
    #   httpx2
typing-extensions==4.16.0
    # via
    #   altair
    #   anyio
    #   etils
    #   fastapi
    #   grpcio
    #   gymnasium
    #   httpx2
    #   pydantic
    #   pydantic-core
    #   pytest-asyncio
    #   referencing
    #   starlette
    #   streamlit
    #   torch
    #   typing-inspection
typing-inspection==0.4.2
    # via
    #   fastapi
    #   pydantic
tzdata==2026.3
    # via pandas
urllib3==2.7.0
    # via requests
uvicorn==0.51.0
    # via
    #   upkie-mujoco-course (pyproject.toml)
    #   streamlit
watchdog==6.0.0
    # via streamlit
watchfiles==1.2.0
    # via uvicorn
websockets==16.1
    # via
    #   streamlit
    #   uvicorn
werkzeug==3.1.8
    # via tensorboard
zipp==4.1.0
    # via etils
